
Microsoft Visual Studio Solution File, Format Version 11.00
# Visual Studio 2010
Project("{FAE04EC0-301F-11D3-BF4B-00C04F79EFBC}") = "PinballRacer", "PinballRacer\PinballRacer\PinballRacer.csproj", "{8B7B8310-C72C-423A-BD57-2A9F1811DC25}"
EndProject
Project("{FAE04EC0-301F-11D3-BF4B-00C04F79EFBC}") = "PinballRacerContent", "PinballRacer\PinballRacerContent\PinballRacerContent.contentproj", "{841D2319-4A3C-47DC-8753-2E6D85465A42}"
EndProject
Project("{FAE04EC0-301F-11D3-BF4B-00C04F79EFBC}") = "Xbox 360 Copy (3) of PinballRacer", "PinballRacer\PinballRacer\Xbox 360 Copy (3) of PinballRacer.csproj", "{90118663-DB98-461B-8102-18C286A7EBC5}"
EndProject
Global
	GlobalSection(SolutionConfigurationPlatforms) = preSolution
		Debug|Mixed Platforms = Debug|Mixed Platforms
		Debug|x86 = Debug|x86
		Debug|Xbox 360 = Debug|Xbox 360
		Release|Mixed Platforms = Release|Mixed Platforms
		Release|x86 = Release|x86
		Release|Xbox 360 = Release|Xbox 360
	EndGlobalSection
	GlobalSection(ProjectConfigurationPlatforms) = postSolution
		{8B7B8310-C72C-423A-BD57-2A9F1811DC25}.Debug|Mixed Platforms.ActiveCfg = Debug|x86
		{8B7B8310-C72C-423A-BD57-2A9F1811DC25}.Debug|Mixed Platforms.Build.0 = Debug|x86
		{8B7B8310-C72C-423A-BD57-2A9F1811DC25}.Debug|x86.ActiveCfg = Debug|x86
		{8B7B8310-C72C-423A-BD57-2A9F1811DC25}.Debug|x86.Build.0 = Debug|x86
		{8B7B8310-C72C-423A-BD57-2A9F1811DC25}.Debug|Xbox 360.ActiveCfg = Debug|x86
		{8B7B8310-C72C-423A-BD57-2A9F1811DC25}.Debug|Xbox 360.Build.0 = Debug|x86
		{8B7B8310-C72C-423A-BD57-2A9F1811DC25}.Release|Mixed Platforms.ActiveCfg = Release|x86
		{8B7B8310-C72C-423A-BD57-2A9F1811DC25}.Release|Mixed Platforms.Build.0 = Release|x86
		{8B7B8310-C72C-423A-BD57-2A9F1811DC25}.Release|x86.ActiveCfg = Release|x86
		{8B7B8310-C72C-423A-BD57-2A9F1811DC25}.Release|x86.Build.0 = Release|x86
		{8B7B8310-C72C-423A-BD57-2A9F1811DC25}.Release|Xbox 360.ActiveCfg = Release|x86
		{8B7B8310-C72C-423A-BD57-2A9F1811DC25}.Release|Xbox 360.Build.0 = Release|x86
		{841D2319-4A3C-47DC-8753-2E6D85465A42}.Debug|Mixed Platforms.ActiveCfg = Debug|x86
		{841D2319-4A3C-47DC-8753-2E6D85465A42}.Debug|x86.ActiveCfg = Debug|x86
		{841D2319-4A3C-47DC-8753-2E6D85465A42}.Debug|Xbox 360.ActiveCfg = Debug|x86
		{841D2319-4A3C-47DC-8753-2E6D85465A42}.Release|Mixed Platforms.ActiveCfg = Release|x86
		{841D2319-4A3C-47DC-8753-2E6D85465A42}.Release|x86.ActiveCfg = Release|x86
		{841D2319-4A3C-47DC-8753-2E6D85465A42}.Release|Xbox 360.ActiveCfg = Release|x86
		{90118663-DB98-461B-8102-18C286A7EBC5}.Debug|Mixed Platforms.ActiveCfg = Debug|Xbox 360
		{90118663-DB98-461B-8102-18C286A7EBC5}.Debug|Mixed Platforms.Build.0 = Debug|Xbox 360
		{90118663-DB98-461B-8102-18C286A7EBC5}.Debug|Mixed Platforms.Deploy.0 = Debug|Xbox 360
		{90118663-DB98-461B-8102-18C286A7EBC5}.Debug|x86.ActiveCfg = Debug|Xbox 360
		{90118663-DB98-461B-8102-18C286A7EBC5}.Debug|x86.Build.0 = Debug|Xbox 360
		{90118663-DB98-461B-8102-18C286A7EBC5}.Debug|Xbox 360.ActiveCfg = Debug|Xbox 360
		{90118663-DB98-461B-8102-18C286A7EBC5}.Debug|Xbox 360.Build.0 = Debug|Xbox 360
		{90118663-DB98-461B-8102-18C286A7EBC5}.Debug|Xbox 360.Deploy.0 = Debug|Xbox 360
		{90118663-DB98-461B-8102-18C286A7EBC5}.Release|Mixed Platforms.ActiveCfg = Release|Xbox 360
		{90118663-DB98-461B-8102-18C286A7EBC5}.Release|Mixed Platforms.Build.0 = Release|Xbox 360
		{90118663-DB98-461B-8102-18C286A7EBC5}.Release|Mixed Platforms.Deploy.0 = Release|Xbox 360
		{90118663-DB98-461B-8102-18C286A7EBC5}.Release|x86.ActiveCfg = Release|Xbox 360
		{90118663-DB98-461B-8102-18C286A7EBC5}.Release|x86.Build.0 = Release|Xbox 360
		{90118663-DB98-461B-8102-18C286A7EBC5}.Release|Xbox 360.ActiveCfg = Release|Xbox 360
		{90118663-DB98-461B-8102-18C286A7EBC5}.Release|Xbox 360.Build.0 = Release|Xbox 360
		{90118663-DB98-461B-8102-18C286A7EBC5}.Release|Xbox 360.Deploy.0 = Release|Xbox 360
	EndGlobalSection
	GlobalSection(SolutionProperties) = preSolution
		HideSolutionNode = FALSE
	EndGlobalSection
EndGlobal
